
Microsoft Visual Studio Solution File, Format Version 12.00
# Visual Studio 15
Project("{FAE04EC0-301F-11D3-BF4B-00C04F79EFBC}") = "QuizApp", "QuizApp\QuizApp.csproj", "{C78396BB-8A46-41B4-A1B6-E450E0EC2BCB}"
EndProject
Project("{FAE04EC0-301F-11D3-BF4B-00C04F79EFBC}") = "Users", "Users\Users.csproj", "{8C2B29C3-FF19-4E38-BC54-F835AA3113C2}"
EndProject
Global
	GlobalSection(SolutionConfigurationPlatforms) = preSolution
		Debug|x86 = Debug|x86
		Release|x86 = Release|x86
	EndGlobalSection
	GlobalSection(ProjectConfigurationPlatforms) = postSolution
		{C78396BB-8A46-41B4-A1B6-E450E0EC2BCB}.Debug|x86.ActiveCfg = Debug|x86
		{C78396BB-8A46-41B4-A1B6-E450E0EC2BCB}.Debug|x86.Build.0 = Debug|x86
		{C78396BB-8A46-41B4-A1B6-E450E0EC2BCB}.Release|x86.ActiveCfg = Release|x86
		{C78396BB-8A46-41B4-A1B6-E450E0EC2BCB}.Release|x86.Build.0 = Release|x86
		{8C2B29C3-FF19-4E38-BC54-F835AA3113C2}.Debug|x86.ActiveCfg = Debug|x86
		{8C2B29C3-FF19-4E38-BC54-F835AA3113C2}.Debug|x86.Build.0 = Debug|x86
		{8C2B29C3-FF19-4E38-BC54-F835AA3113C2}.Release|x86.ActiveCfg = Release|x86
		{8C2B29C3-FF19-4E38-BC54-F835AA3113C2}.Release|x86.Build.0 = Release|x86
	EndGlobalSection
EndGlobal
